github.com/Microsoft/go-winio v0.6.3 h1:M/52tsoyTfwaxajLnXZm7PqkbMGRH8iSWP+8fcg9MQ4=
github.com/Microsoft/go-winio v0.6.3/go.mod h1:ma0QpxizD4fyyzJ1C7MIblymTD2Nxz5Mho/3CepwIZg=
github.com/pkg/errors v0.9.1 h1:FEBLx1zS214owpjy7qsBeixbURkuhQAwrK5UwLGTwt4=
github.com/pkg/errors v0.9.1/go.mod h1:bwawxfHBFNV+L2hUp1rHADufV3IMtnDRdf1r5NINEl0=
golang.org/x/sys v0.48.0 h1:bbX/i/6MgT9BVLM9RT1thmxL04yeTAhbEz4SyadbXoo=
golang.org/x/sys v0.48.0/go.mod h1:hNLxWAXmnKAxqDtdwIYC4bM9oQPEecfsnNMuSxOs3og=
